# This file is automatically @generated by Cargo.
# It is not intended for manual editing.
version = 4

[[package]]
name = "core_types"
version = "0.1.0"

[[package]]
name = "engine"
version = "0.1.0"
dependencies = [
 "core_types",
 "kinematics",
]

[[package]]
name = "kinematics"
version = "0.1.0"
dependencies = [
 "core_types",
]
